
Microsoft Visual Studio Solution File, Format Version 12.00
# Visual Studio 14
VisualStudioVersion = 14.0.25420.1
MinimumVisualStudioVersion = 10.0.40219.1
Project("{9092AA53-FB77-4645-B42D-1CCCA6BD08BD}") = "Server", "Server.njsproj", "{A2A34EC4-6E92-485E-8385-14E28AF92300}"
EndProject
Global
	GlobalSection(SolutionConfigurationPlatforms) = preSolution
		Debug|Any CPU = Debug|Any CPU
		Release|Any CPU = Release|Any CPU
	EndGlobalSection
	GlobalSection(ProjectConfigurationPlatforms) = postSolution
		{A2A34EC4-6E92-485E-8385-14E28AF92300}.Debug|Any CPU.ActiveCfg = Debug|Any CPU
		{A2A34EC4-6E92-485E-8385-14E28AF92300}.Debug|Any CPU.Build.0 = Debug|Any CPU
		{A2A34EC4-6E92-485E-8385-14E28AF92300}.Release|Any CPU.ActiveCfg = Release|Any CPU
		{A2A34EC4-6E92-485E-8385-14E28AF92300}.Release|Any CPU.Build.0 = Release|Any CPU
	EndGlobalSection
	GlobalSection(SolutionProperties) = preSolution
		HideSolutionNode = FALSE
	EndGlobalSection
EndGlobal
